{
  "version": 4,
  "terraform_version": "1.4.4",
  "serial": 2262,
  "lineage": "5ad2f1c7-51c6-6810-6f56-b25f927847da",
  "outputs": {
    "db_instance_address": {
      "value": "leg.cbvyejbkhkfu.eu-west-1.rds.amazonaws.com",
      "type": "string"
    },
    "db_instance_name": {
      "value": "ORCL",
      "type": "string"
    },
    "db_instance_password": {
      "value": "9QSHp9VZLO98",
      "type": "string",
      "sensitive": true
    },
    "ec2_instance_name": {
      "value": "ec2-34-245-27-88.eu-west-1.compute.amazonaws.com",
      "type": "string"
    }
  },
  "resources": [
    {
      "mode": "data",
      "type": "cloudinit_config",
      "name": "ec2_startup",
      "provider": "provider[\"registry.terraform.io/hashicorp/cloudinit\"]",
      "instances": [
        {
          "schema_version": 0,
          "attributes": {
            "base64_encode": true,
            "boundary": "MIMEBOUNDARY",
            "gzip": true,
            "id": "642905281",
            "part": [
              {
                "content": "#!/bin/bash\n\n# If sqlplus is not available, then exit\n# exec 3\u003e\u00261 4\u003e\u00262\n# trap 'exec 2\u003e\u00264 1\u003e\u00263' 0 1 2 3\n# exec 1\u003elog.out 2\u003e\u00261\n#TODO: add script to install sqlplus here\n\necho \"download sql files...\"\nsudo mkdir /home/ubuntu/sql\nsudo mkdir /home/ubuntu/views\nsudo wget https://raw.githubusercontent.com/gabparanth/scriptSQL/main/create-table.sql -O /home/ubuntu/sql/create-table.sql\nsudo wget https://raw.githubusercontent.com/gabparanth/scriptSQL/main/create-view.sql -O /home/ubuntu/sql/create-view.sql\nsudo wget https://raw.githubusercontent.com/gabparanth/scriptSQL/main/customer.sql -O /home/ubuntu/sql/customer.sql\nsudo wget https://raw.githubusercontent.com/gabparanth/scriptSQL/main/order_items.sql -O /home/ubuntu/sql/order_items.sql\nsudo wget https://raw.githubusercontent.com/gabparanth/scriptSQL/main/products.sql -O /home/ubuntu/sql/products.sql\nsudo wget https://raw.githubusercontent.com/gabparanth/scriptSQL/main/stores.sql -O /home/ubuntu/sql/stores.sql\n\necho \"download packages... \"\nwget https://download.oracle.com/otn_software/linux/instantclient/1918000/oracle-instantclient19.18-sqlplus-19.18.0.0.0-2.x86_64.rpm\nwget https://download.oracle.com/otn_software/linux/instantclient/1918000/oracle-instantclient19.18-basic-19.18.0.0.0-2.x86_64.rpm\n\n# sudo apt-get install alien -y\n\nCURRDIR=\"$$(pwd)\";\n\ncd $(dirname \"${0}\");\n\n# Tools and dependencies:\nsudo apt-get update -y\nsudo apt-get install alien libaio1 rlwrap -y\n\nsudo pwd\nsudo cd /\nsudo pwd\n# Oracle Packages:\necho \"Installing instantclient-basic...\"\nsudo alien -i /oracle-instantclient*-basic*.rpm\necho \"Installing instantclient-sqlplus...\"\nsudo alien -i /oracle-instantclient*-sqlplus*.rpm\n# echo \"Installing instantclient-devel...\"\n# sudo alien -i /oracle-instantclient*-devel*.rpm\n\n# LD config:\necho \"Configuring LD path...\"\necho /usr/lib/oracle/*/client64/lib \\\n    | sort -V \\\n    | tail -n 1 \\\n    | sudo tee /etc/ld.so.conf.d/oracle.conf \\\n;\nsudo ldconfig\n\n# Readline wrapping:\necho \"Configuring readline wrapping...\"\necho \"WARNING: You need to manually execute this command or re-read /etc/profile\"\necho \"if you want readline wrapped 'sqlplus' alias to work in current session\".\n(cat | sudo tee /etc/profile.d/sqlplus_rlwrap.sh) \u003c\u003c!EOF\nalias sqlplus=\"rlwrap -i -f ~/.sqlplus_history -H ~/.sqlplus_history -s 30000 sqlplus64\"\n!EOF\ntouch ~/.sqlplus_history\n\ncd \"${CURRDIR}\"\necho \"SQL Plus installed!!\";\necho \"This script requires sqlplus to be installed and on your PATH. Exiting\"\n# exit 1\n\n\nORACLE_USERNAME=oracle_user\necho oracle_user\nORACLE_PASSWORD=9QSHp9VZLO98\nORACLE_HOST=leg.cbvyejbkhkfu.eu-west-1.rds.amazonaws.com\nORACLE_PORT=1521\nORACLE_DATABASE=ORCL\n\n\nsqlplus64 -S -L \"${ORACLE_USERNAME}/${ORACLE_PASSWORD}@${ORACLE_HOST}:${ORACLE_PORT}/${ORACLE_DATABASE}\" @/home/ubuntu/sql/create-table.sql\n\nsqlplus64 -S -L \"${ORACLE_USERNAME}/${ORACLE_PASSWORD}@${ORACLE_HOST}:${ORACLE_PORT}/${ORACLE_DATABASE}\" @/home/ubuntu/sql/customer.sql\n\nsqlplus64 -S -L \"${ORACLE_USERNAME}/${ORACLE_PASSWORD}@${ORACLE_HOST}:${ORACLE_PORT}/${ORACLE_DATABASE}\" @/home/ubuntu/sql/products.sql\n\nsqlplus64 -S -L \"${ORACLE_USERNAME}/${ORACLE_PASSWORD}@${ORACLE_HOST}:${ORACLE_PORT}/${ORACLE_DATABASE}\" @/home/ubuntu/sql/stores.sql\n\nsqlplus64 -S -L \"${ORACLE_USERNAME}/${ORACLE_PASSWORD}@${ORACLE_HOST}:${ORACLE_PORT}/${ORACLE_DATABASE}\" @/home/ubuntu/sql/order_items.sql\n\nsqlplus64 -S -L \"${ORACLE_USERNAME}/${ORACLE_PASSWORD}@${ORACLE_HOST}:${ORACLE_PORT}/${ORACLE_DATABASE}\" @/home/ubuntu/sql/create-view.sql\n\n\n",
                "content_type": "text/x-shellscript",
                "filename": null,
                "merge_type": null
              }
            ],
            "rendered": "H4sIAAAAAAAA/8xXbU/jOBf9bon/cEkRzKAnSQM8LJQpmg50F6RCmbYzo1mNhJz4tvGS2BnboWVn2d++cl7a8rbsB7Ss+IJ9r885Odcvt0dSGBTGHd1k2II0TwzPqDJ+ymfIDiCUuWBU3bSds9Oz7of+p/PjzuCrQ+zI/YxKcylaEHjNFbJCXHc5aYXMsRUVeozK7YpIMi4mLfgp5GYpoSA3ODP+zNUxJomOFM/MCjnjKT7gaaz6IRd+SHVMSANOx6C/J1mSa+AahDRArylPaJjg/8DEKABn3JAG4Awj2D5cD2DncH2LNMAomsFGMb11uL4DweH69gY0IYAt2K4XBIeJnHgyNzYnII1R/7jfAsoYlCLBSOBCG5okcx0xKiQEo1iCw+RUJJIyG4QxT1B7nucQnTMJ6RXjCvxYpujnYS5M7uvvyZOxa45TXUanEzQQG5Pplu8rOvUm3MR5mGtUUemqF8nUn9Awo4oKE/ul2uHHnp9SLvxIITXoGmuTZ6W5/QdCHiS9LLf9nOeo65yXYs61kSmqp2mXEl6IUyqG6pIbTPWTtPdyXog5U5LlkXmadjnhhTi1kQqfZlyEH5yPjEZXdFIcD3DIHSF1jicVjRIsJEgjLrUcmylV6Cdc5DO/OIbCRAlHYfxgP9hrNpt+uca9Ewz2vWDPrY6rW4y8pv1zt7zZ3u7l7o6nsvRfERFSzaOnJZAGFIWhmXGtmvqqoRYC3BtCjj4NBseng7aztvYmm7K3zgEhEYO1N4wrQVMEZ+1H89Z5e2CxRlImGqhgwDBDwVBEHHWL3OHIM0YNWvC/oU54SLkMQCVTe41aJUV2NmXlPxEDfzHVgH5hAVxUZW5V9T8tUbmYwB13SmMWd2X1wRwe9XKzTN8sPHsGuCr7P4euFpTgDXgGnuE1JgV4Xbpn4IsFm3W1e8cQSTHmk9qgo2KUK8vUO4aMmrhAL6J+rpWf8LCC9jf9EnV3x87CNwIA8AdoqQy4n+djQ3kCroBgkWGVGkTw0UR+wjwtPavDY/58v4sxfCMHpWcJK1VayQOkLOECwe6EzD7wj0hX95MWH+F86QzOT89/acFXmYNAZPZRTanIaZLcFM9wbhBMzDVEMk3t9pUKFLoWtFScKWkf1xqRj+FG5jClwtxjRgYbVUE3bGmotmRTqa6AC4hypVAY0Khtz+F45E1EzQN/KjaP+RXUZXkMPB2/hXfvVrv9n0mJXcXbTn1OOLhj+NP36oUxt3fiDbgnj85q2G42m80aZ3fHIQW6kXkUP7KiOPvO2o/qVritDRl+7MFF0SOV+xbZ6qpzUAVH1tmqnVH4PecK58qtOyEulhWXhxTWXgUXndGJB90ZN1xMnKJl4gYCQkh/0DnqdS8/DbuD885Zt11uokv7kJSkyxNV8kVnOPzSHxy39z8OT7L9z7/2+vt7dfCkPxy1E5x4UXh9g7+FV/HVOPcwd6eojRt4immPpvR3KehU28t5jtofjNrB/7eCeuK4M+p86Ay77f7gqEcImVsL7hDcnnXvnvpbfz5Va7x9P5+yym5bi4z+YLS0oGa7deD98w3Wq4pZ7n1eU8idtuQ1hSx3K68o4353+B/YsfO+nDz44ee6K+SvAAAA///qDxglVw4AAA=="
          },
          "sensitive_attributes": [
            [
              {
                "type": "get_attr",
                "value": "part"
              },
              {
                "type": "index",
                "value": {
                  "value": 0,
                  "type": "number"
                }
              },
              {
                "type": "get_attr",
                "value": "content"
              }
            ]
          ]
        }
      ]
    },
    {
      "module": "module.db",
      "mode": "managed",
      "type": "random_password",
      "name": "master_password",
      "provider": "provider[\"registry.terraform.io/hashicorp/random\"]",
      "instances": [
        {
          "index_key": 0,
          "schema_version": 3,
          "attributes": {
            "bcrypt_hash": "$2a$10$dRA2lYoQKTekb8QNwHv8xuGy6u0qjNSkE.L1wpRphxRIUmWK49/EW",
            "id": "none",
            "keepers": null,
            "length": 12,
            "lower": true,
            "min_lower": 0,
            "min_numeric": 0,
            "min_special": 0,
            "min_upper": 0,
            "number": true,
            "numeric": true,
            "override_special": null,
            "result": "9QSHp9VZLO98",
            "special": false,
            "upper": true
          },
          "sensitive_attributes": []
        }
      ]
    },
    {
      "module": "module.db.module.db_instance",
      "mode": "data",
      "type": "aws_iam_policy_document",
      "name": "enhanced_monitoring",
      "provider": "provider[\"registry.terraform.io/hashicorp/aws\"]",
      "instances": [
        {
          "schema_version": 0,
          "attributes": {
            "id": "1813475199",
            "json": "{\n  \"Version\": \"2012-10-17\",\n  \"Statement\": [\n    {\n      \"Sid\": \"\",\n      \"Effect\": \"Allow\",\n      \"Action\": \"sts:AssumeRole\",\n      \"Principal\": {\n        \"Service\": \"monitoring.rds.amazonaws.com\"\n      }\n    }\n  ]\n}",
            "override_json": null,
            "override_policy_documents": null,
            "policy_id": null,
            "source_json": null,
            "source_policy_documents": null,
            "statement": [
              {
                "actions": [
                  "sts:AssumeRole"
                ],
                "condition": [],
                "effect": "Allow",
                "not_actions": [],
                "not_principals": [],
                "not_resources": [],
                "principals": [
                  {
                    "identifiers": [
                      "monitoring.rds.amazonaws.com"
                    ],
                    "type": "Service"
                  }
                ],
                "resources": [],
                "sid": ""
              }
            ],
            "version": "2012-10-17"
          },
          "sensitive_attributes": []
        }
      ]
    },
    {
      "module": "module.db.module.db_instance",
      "mode": "data",
      "type": "aws_partition",
      "name": "current",
      "provider": "provider[\"registry.terraform.io/hashicorp/aws\"]",
      "instances": [
        {
          "schema_version": 0,
          "attributes": {
            "dns_suffix": "amazonaws.com",
            "id": "aws",
            "partition": "aws",
            "reverse_dns_prefix": "com.amazonaws"
          },
          "sensitive_attributes": []
        }
      ]
    },
    {
      "module": "module.db.module.db_instance",
      "mode": "managed",
      "type": "aws_db_instance",
      "name": "this",
      "provider": "provider[\"registry.terraform.io/hashicorp/aws\"]",
      "instances": [
        {
          "index_key": 0,
          "schema_version": 1,
          "attributes": {
            "address": "leg.cbvyejbkhkfu.eu-west-1.rds.amazonaws.com",
            "allocated_storage": 20,
            "allow_major_version_upgrade": false,
            "apply_immediately": false,
            "arn": "arn:aws:rds:eu-west-1:979559056307:db:leg",
            "auto_minor_version_upgrade": true,
            "availability_zone": "eu-west-1c",
            "backup_retention_period": 0,
            "backup_window": "03:00-06:00",
            "blue_green_update": [],
            "ca_cert_identifier": "rds-ca-2019",
            "character_set_name": "AL32UTF8",
            "copy_tags_to_snapshot": false,
            "custom_iam_instance_profile": "",
            "customer_owned_ip_enabled": false,
            "db_name": "ORCL",
            "db_subnet_group_name": "complete-oracle",
            "delete_automated_backups": true,
            "deletion_protection": false,
            "domain": "",
            "domain_iam_role_name": "",
            "enabled_cloudwatch_logs_exports": null,
            "endpoint": "leg.cbvyejbkhkfu.eu-west-1.rds.amazonaws.com:1521",
            "engine": "oracle-se2",
            "engine_version": "19",
            "engine_version_actual": "19.0.0.0.ru-2023-01.rur-2023-01.r2",
            "final_snapshot_identifier": null,
            "hosted_zone_id": "Z29XKXDKYMONMX",
            "iam_database_authentication_enabled": false,
            "id": "leg",
            "identifier": "leg",
            "identifier_prefix": "",
            "instance_class": "db.t3.small",
            "iops": 0,
            "kms_key_id": "",
            "latest_restorable_time": "",
            "license_model": "bring-your-own-license",
            "listener_endpoint": [],
            "maintenance_window": "mon:00:00-mon:03:00",
            "manage_master_user_password": null,
            "master_user_secret": [],
            "master_user_secret_kms_key_id": null,
            "max_allocated_storage": 100,
            "monitoring_interval": 0,
            "monitoring_role_arn": "",
            "multi_az": false,
            "name": "ORCL",
            "nchar_character_set_name": "AL16UTF16",
            "network_type": "IPV4",
            "option_group_name": "leg-20230502134345024500000001",
            "parameter_group_name": "leg-20230502134345025700000002",
            "password": "9QSHp9VZLO98",
            "performance_insights_enabled": true,
            "performance_insights_kms_key_id": "arn:aws:kms:eu-west-1:979559056307:key/89de5054-0e24-4d54-a1dc-fd789f75bef3",
            "performance_insights_retention_period": 7,
            "port": 1521,
            "publicly_accessible": true,
            "replica_mode": "",
            "replicas": [],
            "replicate_source_db": "",
            "resource_id": "db-KHT3K26QTLEUCI27I2VM7ZLMO4",
            "restore_to_point_in_time": [],
            "s3_import": [],
            "security_group_names": null,
            "skip_final_snapshot": true,
            "snapshot_identifier": null,
            "status": "available",
            "storage_encrypted": false,
            "storage_throughput": 0,
            "storage_type": "gp2",
            "tags": {
              "Name": "OracleToMongo",
              "OwnerContact": "gabriel.paranthoen@mongodb.com",
              "expire-on": "2023-04-09",
              "owner": "gabriel.paranthoen",
              "purpose": "other"
            },
            "tags_all": {
              "Name": "OracleToMongo",
              "OwnerContact": "gabriel.paranthoen@mongodb.com",
              "expire-on": "2023-04-09",
              "owner": "gabriel.paranthoen",
              "purpose": "other"
            },
            "timeouts": {
              "create": null,
              "delete": null,
              "update": null
            },
            "timezone": "",
            "username": "oracle_user",
            "vpc_security_group_ids": [
              "sg-0ac94a1ac224a560a"
            ]
          },
          "sensitive_attributes": [
            [
              {
                "type": "get_attr",
                "value": "password"
              }
            ]
          ],
          "private": "eyJlMmJmYjczMC1lY2FhLTExZTYtOGY4OC0zNDM2M2JjN2M0YzAiOnsiY3JlYXRlIjoyNDAwMDAwMDAwMDAwLCJkZWxldGUiOjM2MDAwMDAwMDAwMDAsInVwZGF0ZSI6NDgwMDAwMDAwMDAwMH0sInNjaGVtYV92ZXJzaW9uIjoiMSJ9",
          "dependencies": [
            "module.db.module.db_instance.aws_cloudwatch_log_group.this",
            "module.db.module.db_instance.aws_iam_role.enhanced_monitoring",
            "module.db.module.db_instance.random_id.snapshot_identifier",
            "module.db.module.db_option_group.aws_db_option_group.this",
            "module.db.module.db_parameter_group.aws_db_parameter_group.this",
            "module.db.module.db_subnet_group.aws_db_subnet_group.this",
            "module.db.random_password.master_password",
            "module.security_group.aws_security_group.this",
            "module.security_group.aws_security_group.this_name_prefix",
            "module.vpc.aws_vpc.this"
          ]
        }
      ]
    },
    {
      "module": "module.db.module.db_option_group",
      "mode": "managed",
      "type": "aws_db_option_group",
      "name": "this",
      "provider": "provider[\"registry.terraform.io/hashicorp/aws\"]",
      "instances": [
        {
          "index_key": 0,
          "schema_version": 0,
          "attributes": {
            "arn": "arn:aws:rds:eu-west-1:979559056307:og:leg-20230502134345024500000001",
            "engine_name": "oracle-se2",
            "id": "leg-20230502134345024500000001",
            "major_engine_version": "19",
            "name": "leg-20230502134345024500000001",
            "name_prefix": "leg-",
            "option": [],
            "option_group_description": "leg option group",
            "tags": {
              "Name": "leg",
              "expire-on": "2023-04-09",
              "owner": "gabriel.paranthoen",
              "purpose": "other"
            },
            "tags_all": {
              "Name": "leg",
              "expire-on": "2023-04-09",
              "owner": "gabriel.paranthoen",
              "purpose": "other"
            },
            "timeouts": {
              "delete": null
            }
          },
          "sensitive_attributes": [],
          "private": "eyJlMmJmYjczMC1lY2FhLTExZTYtOGY4OC0zNDM2M2JjN2M0YzAiOnsiZGVsZXRlIjo5MDAwMDAwMDAwMDB9fQ==",
          "create_before_destroy": true
        }
      ]
    },
    {
      "module": "module.db.module.db_parameter_group",
      "mode": "managed",
      "type": "aws_db_parameter_group",
      "name": "this",
      "provider": "provider[\"registry.terraform.io/hashicorp/aws\"]",
      "instances": [
        {
          "index_key": 0,
          "schema_version": 0,
          "attributes": {
            "arn": "arn:aws:rds:eu-west-1:979559056307:pg:leg-20230502134345025700000002",
            "description": "leg parameter group",
            "family": "oracle-se2-19",
            "id": "leg-20230502134345025700000002",
            "name": "leg-20230502134345025700000002",
            "name_prefix": "leg-",
            "parameter": [],
            "tags": {
              "Name": "leg",
              "expire-on": "2023-04-09",
              "owner": "gabriel.paranthoen",
              "purpose": "other"
            },
            "tags_all": {
              "Name": "leg",
              "expire-on": "2023-04-09",
              "owner": "gabriel.paranthoen",
              "purpose": "other"
            }
          },
          "sensitive_attributes": [],
          "private": "bnVsbA==",
          "create_before_destroy": true
        }
      ]
    },
    {
      "module": "module.ec2",
      "mode": "data",
      "type": "aws_partition",
      "name": "current",
      "provider": "provider[\"registry.terraform.io/hashicorp/aws\"]",
      "instances": [
        {
          "schema_version": 0,
          "attributes": {
            "dns_suffix": "amazonaws.com",
            "id": "aws",
            "partition": "aws",
            "reverse_dns_prefix": "com.amazonaws"
          },
          "sensitive_attributes": []
        }
      ]
    },
    {
      "module": "module.ec2",
      "mode": "data",
      "type": "aws_ssm_parameter",
      "name": "this",
      "provider": "provider[\"registry.terraform.io/hashicorp/aws\"]",
      "instances": [
        {
          "index_key": 0,
          "schema_version": 0,
          "attributes": {
            "arn": "arn:aws:ssm:eu-west-1::parameter/aws/service/ami-amazon-linux-latest/amzn2-ami-hvm-x86_64-gp2",
            "id": "/aws/service/ami-amazon-linux-latest/amzn2-ami-hvm-x86_64-gp2",
            "name": "/aws/service/ami-amazon-linux-latest/amzn2-ami-hvm-x86_64-gp2",
            "type": "String",
            "value": "ami-0b6f8b704bc8dffa7",
            "version": 85,
            "with_decryption": true
          },
          "sensitive_attributes": []
        }
      ]
    },
    {
      "module": "module.ec2",
      "mode": "managed",
      "type": "aws_instance",
      "name": "this",
      "provider": "provider[\"registry.terraform.io/hashicorp/aws\"]",
      "instances": [
        {
          "index_key": 0,
          "schema_version": 1,
          "attributes": {
            "ami": "ami-00aa9d3df94c6c354",
            "arn": "arn:aws:ec2:eu-west-1:979559056307:instance/i-0d8ad81a978177d9d",
            "associate_public_ip_address": true,
            "availability_zone": "eu-west-1a",
            "capacity_reservation_specification": [
              {
                "capacity_reservation_preference": "open",
                "capacity_reservation_target": []
              }
            ],
            "cpu_core_count": 1,
            "cpu_threads_per_core": 1,
            "credit_specification": [
              {
                "cpu_credits": "standard"
              }
            ],
            "disable_api_stop": false,
            "disable_api_termination": false,
            "ebs_block_device": [],
            "ebs_optimized": false,
            "enclave_options": [
              {
                "enabled": false
              }
            ],
            "ephemeral_block_device": [],
            "get_password_data": false,
            "hibernation": false,
            "host_id": "",
            "host_resource_group_arn": null,
            "iam_instance_profile": "",
            "id": "i-0d8ad81a978177d9d",
            "instance_initiated_shutdown_behavior": "stop",
            "instance_state": "running",
            "instance_type": "t2.micro",
            "ipv6_address_count": 0,
            "ipv6_addresses": [],
            "key_name": "gabriel.paranthoen",
            "launch_template": [],
            "maintenance_options": [
              {
                "auto_recovery": "default"
              }
            ],
            "metadata_options": [
              {
                "http_endpoint": "enabled",
                "http_put_response_hop_limit": 1,
                "http_tokens": "optional",
                "instance_metadata_tags": "disabled"
              }
            ],
            "monitoring": true,
            "network_interface": [],
            "outpost_arn": "",
            "password_data": "",
            "placement_group": "",
            "placement_partition_number": 0,
            "primary_network_interface_id": "eni-0b23ff41b2a75befe",
            "private_dns": "ip-10-99-0-65.eu-west-1.compute.internal",
            "private_dns_name_options": [
              {
                "enable_resource_name_dns_a_record": false,
                "enable_resource_name_dns_aaaa_record": false,
                "hostname_type": "ip-name"
              }
            ],
            "private_ip": "10.99.0.65",
            "public_dns": "ec2-34-245-27-88.eu-west-1.compute.amazonaws.com",
            "public_ip": "34.245.27.88",
            "root_block_device": [
              {
                "delete_on_termination": true,
                "device_name": "/dev/sda1",
                "encrypted": false,
                "iops": 100,
                "kms_key_id": "",
                "tags": {},
                "throughput": 0,
                "volume_id": "vol-032ceab45c29bd851",
                "volume_size": 8,
                "volume_type": "gp2"
              }
            ],
            "secondary_private_ips": [],
            "security_groups": [],
            "source_dest_check": true,
            "subnet_id": "subnet-0ea467e49a6f17f70",
            "tags": {
              "Name": "OracleToMongo",
              "OwnerContact": "gabriel.paranthoen@mongodb.com",
              "expire-on": "2023-04-09",
              "owner": "gabriel.paranthoen",
              "purpose": "other"
            },
            "tags_all": {
              "Name": "OracleToMongo",
              "OwnerContact": "gabriel.paranthoen@mongodb.com",
              "expire-on": "2023-04-09",
              "owner": "gabriel.paranthoen",
              "purpose": "other"
            },
            "tenancy": "default",
            "timeouts": {
              "create": null,
              "delete": null,
              "update": null
            },
            "user_data": null,
            "user_data_base64": "H4sIAAAAAAAA/8xXbU/jOBf9bon/cEkRzKAnSQM8LJQpmg50F6RCmbYzo1mNhJz4tvGS2BnboWVn2d++cl7a8rbsB7Ss+IJ9r885Odcvt0dSGBTGHd1k2II0TwzPqDJ+ymfIDiCUuWBU3bSds9Oz7of+p/PjzuCrQ+zI/YxKcylaEHjNFbJCXHc5aYXMsRUVeozK7YpIMi4mLfgp5GYpoSA3ODP+zNUxJomOFM/MCjnjKT7gaaz6IRd+SHVMSANOx6C/J1mSa+AahDRArylPaJjg/8DEKABn3JAG4Awj2D5cD2DncH2LNMAomsFGMb11uL4DweH69gY0IYAt2K4XBIeJnHgyNzYnII1R/7jfAsoYlCLBSOBCG5okcx0xKiQEo1iCw+RUJJIyG4QxT1B7nucQnTMJ6RXjCvxYpujnYS5M7uvvyZOxa45TXUanEzQQG5Pplu8rOvUm3MR5mGtUUemqF8nUn9Awo4oKE/ul2uHHnp9SLvxIITXoGmuTZ6W5/QdCHiS9LLf9nOeo65yXYs61kSmqp2mXEl6IUyqG6pIbTPWTtPdyXog5U5LlkXmadjnhhTi1kQqfZlyEH5yPjEZXdFIcD3DIHSF1jicVjRIsJEgjLrUcmylV6Cdc5DO/OIbCRAlHYfxgP9hrNpt+uca9Ewz2vWDPrY6rW4y8pv1zt7zZ3u7l7o6nsvRfERFSzaOnJZAGFIWhmXGtmvqqoRYC3BtCjj4NBseng7aztvYmm7K3zgEhEYO1N4wrQVMEZ+1H89Z5e2CxRlImGqhgwDBDwVBEHHWL3OHIM0YNWvC/oU54SLkMQCVTe41aJUV2NmXlPxEDfzHVgH5hAVxUZW5V9T8tUbmYwB13SmMWd2X1wRwe9XKzTN8sPHsGuCr7P4euFpTgDXgGnuE1JgV4Xbpn4IsFm3W1e8cQSTHmk9qgo2KUK8vUO4aMmrhAL6J+rpWf8LCC9jf9EnV3x87CNwIA8AdoqQy4n+djQ3kCroBgkWGVGkTw0UR+wjwtPavDY/58v4sxfCMHpWcJK1VayQOkLOECwe6EzD7wj0hX95MWH+F86QzOT89/acFXmYNAZPZRTanIaZLcFM9wbhBMzDVEMk3t9pUKFLoWtFScKWkf1xqRj+FG5jClwtxjRgYbVUE3bGmotmRTqa6AC4hypVAY0Khtz+F45E1EzQN/KjaP+RXUZXkMPB2/hXfvVrv9n0mJXcXbTn1OOLhj+NP36oUxt3fiDbgnj85q2G42m80aZ3fHIQW6kXkUP7KiOPvO2o/qVritDRl+7MFF0SOV+xbZ6qpzUAVH1tmqnVH4PecK58qtOyEulhWXhxTWXgUXndGJB90ZN1xMnKJl4gYCQkh/0DnqdS8/DbuD885Zt11uokv7kJSkyxNV8kVnOPzSHxy39z8OT7L9z7/2+vt7dfCkPxy1E5x4UXh9g7+FV/HVOPcwd6eojRt4immPpvR3KehU28t5jtofjNrB/7eCeuK4M+p86Ay77f7gqEcImVsL7hDcnnXvnvpbfz5Va7x9P5+yym5bi4z+YLS0oGa7deD98w3Wq4pZ7n1eU8idtuQ1hSx3K68o4353+B/YsfO+nDz44ee6K+SvAAAA///qDxglVw4AAA==",
            "user_data_replace_on_change": false,
            "volume_tags": {
              "Name": ""
            },
            "vpc_security_group_ids": [
              "sg-0ac94a1ac224a560a"
            ]
          },
          "sensitive_attributes": [],
          "private": "eyJlMmJmYjczMC1lY2FhLTExZTYtOGY4OC0zNDM2M2JjN2M0YzAiOnsiY3JlYXRlIjo2MDAwMDAwMDAwMDAsImRlbGV0ZSI6MTIwMDAwMDAwMDAwMCwidXBkYXRlIjo2MDAwMDAwMDAwMDB9LCJzY2hlbWFfdmVyc2lvbiI6IjEifQ==",
          "dependencies": [
            "data.cloudinit_config.ec2_startup",
            "module.db.module.db_instance.aws_cloudwatch_log_group.this",
            "module.db.module.db_instance.aws_db_instance.this",
            "module.db.module.db_instance.aws_iam_role.enhanced_monitoring",
            "module.db.module.db_instance.aws_iam_role_policy_attachment.enhanced_monitoring",
            "module.db.module.db_instance.data.aws_iam_policy_document.enhanced_monitoring",
            "module.db.module.db_instance.data.aws_partition.current",
            "module.db.module.db_instance.random_id.snapshot_identifier",
            "module.db.module.db_option_group.aws_db_option_group.this",
            "module.db.module.db_parameter_group.aws_db_parameter_group.this",
            "module.db.module.db_subnet_group.aws_db_subnet_group.this",
            "module.db.random_password.master_password",
            "module.ec2.aws_iam_instance_profile.this",
            "module.ec2.data.aws_ssm_parameter.this",
            "module.security_group.aws_security_group.this",
            "module.security_group.aws_security_group.this_name_prefix",
            "module.vpc.aws_subnet.database",
            "module.vpc.aws_subnet.public",
            "module.vpc.aws_vpc.this",
            "module.vpc.aws_vpc_ipv4_cidr_block_association.this"
          ]
        }
      ]
    },
    {
      "module": "module.security_group",
      "mode": "managed",
      "type": "aws_security_group",
      "name": "this_name_prefix",
      "provider": "provider[\"registry.terraform.io/hashicorp/aws\"]",
      "instances": [
        {
          "index_key": 0,
          "schema_version": 1,
          "attributes": {
            "arn": "arn:aws:ec2:eu-west-1:979559056307:security-group/sg-0ac94a1ac224a560a",
            "description": "Complete Oracle example security group",
            "egress": [],
            "id": "sg-0ac94a1ac224a560a",
            "ingress": [],
            "name": "complete-oracle-20230502134345026000000003",
            "name_prefix": "complete-oracle-",
            "owner_id": "979559056307",
            "revoke_rules_on_delete": false,
            "tags": {
              "Name": "OracleToMongo",
              "expire-on": "2023-04-09",
              "owner": "gabriel.paranthoen",
              "purpose": "other"
            },
            "tags_all": {
              "Name": "OracleToMongo",
              "expire-on": "2023-04-09",
              "owner": "gabriel.paranthoen",
              "purpose": "other"
            },
            "timeouts": {
              "create": "10m",
              "delete": "15m"
            },
            "vpc_id": "vpc-099e16b282ae17a48"
          },
          "sensitive_attributes": [],
          "private": "eyJlMmJmYjczMC1lY2FhLTExZTYtOGY4OC0zNDM2M2JjN2M0YzAiOnsiY3JlYXRlIjo2MDAwMDAwMDAwMDAsImRlbGV0ZSI6OTAwMDAwMDAwMDAwfSwic2NoZW1hX3ZlcnNpb24iOiIxIn0=",
          "dependencies": [
            "module.vpc.aws_vpc.this"
          ],
          "create_before_destroy": true
        }
      ]
    },
    {
      "module": "module.security_group",
      "mode": "managed",
      "type": "aws_security_group_rule",
      "name": "egress_with_cidr_blocks",
      "provider": "provider[\"registry.terraform.io/hashicorp/aws\"]",
      "instances": [
        {
          "index_key": 0,
          "schema_version": 2,
          "attributes": {
            "cidr_blocks": [
              "0.0.0.0/0"
            ],
            "description": " all",
            "from_port": 0,
            "id": "sgrule-1197858749",
            "ipv6_cidr_blocks": null,
            "prefix_list_ids": [],
            "protocol": "-1",
            "security_group_id": "sg-0ac94a1ac224a560a",
            "security_group_rule_id": "sgr-0ea32ee70ca6fda39",
            "self": false,
            "source_security_group_id": null,
            "timeouts": null,
            "to_port": 0,
            "type": "egress"
          },
          "sensitive_attributes": [],
          "private": "eyJlMmJmYjczMC1lY2FhLTExZTYtOGY4OC0zNDM2M2JjN2M0YzAiOnsiY3JlYXRlIjozMDAwMDAwMDAwMDB9LCJzY2hlbWFfdmVyc2lvbiI6IjIifQ==",
          "dependencies": [
            "module.security_group.aws_security_group.this",
            "module.security_group.aws_security_group.this_name_prefix",
            "module.vpc.aws_vpc.this"
          ]
        }
      ]
    },
    {
      "module": "module.security_group",
      "mode": "managed",
      "type": "aws_security_group_rule",
      "name": "ingress_with_cidr_blocks",
      "provider": "provider[\"registry.terraform.io/hashicorp/aws\"]",
      "instances": [
        {
          "index_key": 0,
          "schema_version": 2,
          "attributes": {
            "cidr_blocks": [
              "10.99.0.0/18"
            ],
            "description": "User-service ports",
            "from_port": 0,
            "id": "sgrule-3938064017",
            "ipv6_cidr_blocks": null,
            "prefix_list_ids": [],
            "protocol": "tcp",
            "security_group_id": "sg-0ac94a1ac224a560a",
            "security_group_rule_id": "sgr-0f4db6632554cfe7a",
            "self": false,
            "source_security_group_id": null,
            "timeouts": null,
            "to_port": 0,
            "type": "ingress"
          },
          "sensitive_attributes": [],
          "private": "eyJlMmJmYjczMC1lY2FhLTExZTYtOGY4OC0zNDM2M2JjN2M0YzAiOnsiY3JlYXRlIjozMDAwMDAwMDAwMDB9LCJzY2hlbWFfdmVyc2lvbiI6IjIifQ==",
          "dependencies": [
            "module.security_group.aws_security_group.this",
            "module.security_group.aws_security_group.this_name_prefix",
            "module.vpc.aws_vpc.this"
          ]
        },
        {
          "index_key": 1,
          "schema_version": 2,
          "attributes": {
            "cidr_blocks": [
              "0.0.0.0/0"
            ],
            "description": " all",
            "from_port": 0,
            "id": "sgrule-932547002",
            "ipv6_cidr_blocks": null,
            "prefix_list_ids": [],
            "protocol": "-1",
            "security_group_id": "sg-0ac94a1ac224a560a",
            "security_group_rule_id": "sgr-00df1b2b7ea21f8bd",
            "self": false,
            "source_security_group_id": null,
            "timeouts": null,
            "to_port": 0,
            "type": "ingress"
          },
          "sensitive_attributes": [],
          "private": "eyJlMmJmYjczMC1lY2FhLTExZTYtOGY4OC0zNDM2M2JjN2M0YzAiOnsiY3JlYXRlIjozMDAwMDAwMDAwMDB9LCJzY2hlbWFfdmVyc2lvbiI6IjIifQ==",
          "dependencies": [
            "module.security_group.aws_security_group.this",
            "module.security_group.aws_security_group.this_name_prefix",
            "module.vpc.aws_vpc.this"
          ]
        }
      ]
    },
    {
      "module": "module.vpc",
      "mode": "managed",
      "type": "aws_db_subnet_group",
      "name": "database",
      "provider": "provider[\"registry.terraform.io/hashicorp/aws\"]",
      "instances": [
        {
          "index_key": 0,
          "schema_version": 0,
          "attributes": {
            "arn": "arn:aws:rds:eu-west-1:979559056307:subgrp:complete-oracle",
            "description": "Database subnet group for complete-oracle",
            "id": "complete-oracle",
            "name": "complete-oracle",
            "name_prefix": "",
            "subnet_ids": [
              "subnet-04dba0875d5696cbf",
              "subnet-067b3b4202ab3d4a2",
              "subnet-0765a2a567117c930"
            ],
            "supported_network_types": [
              "IPV4"
            ],
            "tags": {
              "Name": "OracleToMongo",
              "expire-on": "2023-04-09",
              "owner": "gabriel.paranthoen",
              "purpose": "other"
            },
            "tags_all": {
              "Name": "OracleToMongo",
              "expire-on": "2023-04-09",
              "owner": "gabriel.paranthoen",
              "purpose": "other"
            }
          },
          "sensitive_attributes": [],
          "private": "bnVsbA==",
          "dependencies": [
            "module.vpc.aws_subnet.database",
            "module.vpc.aws_vpc.this",
            "module.vpc.aws_vpc_ipv4_cidr_block_association.this"
          ]
        }
      ]
    },
    {
      "module": "module.vpc",
      "mode": "managed",
      "type": "aws_default_network_acl",
      "name": "this",
      "provider": "provider[\"registry.terraform.io/hashicorp/aws\"]",
      "instances": [
        {
          "index_key": 0,
          "schema_version": 0,
          "attributes": {
            "arn": "arn:aws:ec2:eu-west-1:979559056307:network-acl/acl-0f1723604c9bdd56a",
            "default_network_acl_id": "acl-0f1723604c9bdd56a",
            "egress": [
              {
                "action": "allow",
                "cidr_block": "",
                "from_port": 0,
                "icmp_code": null,
                "icmp_type": null,
                "ipv6_cidr_block": "::/0",
                "protocol": "-1",
                "rule_no": 101,
                "to_port": 0
              },
              {
                "action": "allow",
                "cidr_block": "0.0.0.0/0",
                "from_port": 0,
                "icmp_code": null,
                "icmp_type": null,
                "ipv6_cidr_block": "",
                "protocol": "-1",
                "rule_no": 100,
                "to_port": 0
              }
            ],
            "id": "acl-0f1723604c9bdd56a",
            "ingress": [
              {
                "action": "allow",
                "cidr_block": "",
                "from_port": 0,
                "icmp_code": null,
                "icmp_type": null,
                "ipv6_cidr_block": "::/0",
                "protocol": "-1",
                "rule_no": 101,
                "to_port": 0
              },
              {
                "action": "allow",
                "cidr_block": "0.0.0.0/0",
                "from_port": 0,
                "icmp_code": null,
                "icmp_type": null,
                "ipv6_cidr_block": "",
                "protocol": "-1",
                "rule_no": 100,
                "to_port": 0
              }
            ],
            "owner_id": "979559056307",
            "subnet_ids": [
              "subnet-0033ddc8cf6276fff",
              "subnet-02e97ca12d2646ac4",
              "subnet-04dba0875d5696cbf",
              "subnet-067b3b4202ab3d4a2",
              "subnet-0765a2a567117c930",
              "subnet-0aca154212bbea219",
              "subnet-0b682e109885f644b",
              "subnet-0e48a78df3a9f8917",
              "subnet-0ea467e49a6f17f70"
            ],
            "tags": {
              "Name": "OracleToMongo",
              "expire-on": "2023-04-09",
              "owner": "gabriel.paranthoen",
              "purpose": "other"
            },
            "tags_all": {
              "Name": "OracleToMongo",
              "expire-on": "2023-04-09",
              "owner": "gabriel.paranthoen",
              "purpose": "other"
            },
            "vpc_id": "vpc-099e16b282ae17a48"
          },
          "sensitive_attributes": [],
          "private": "bnVsbA==",
          "dependencies": [
            "module.vpc.aws_vpc.this"
          ]
        }
      ]
    },
    {
      "module": "module.vpc",
      "mode": "managed",
      "type": "aws_default_route_table",
      "name": "default",
      "provider": "provider[\"registry.terraform.io/hashicorp/aws\"]",
      "instances": [
        {
          "index_key": 0,
          "schema_version": 0,
          "attributes": {
            "arn": "arn:aws:ec2:eu-west-1:979559056307:route-table/rtb-05798b4a7c8c4cd0b",
            "default_route_table_id": "rtb-05798b4a7c8c4cd0b",
            "id": "rtb-05798b4a7c8c4cd0b",
            "owner_id": "979559056307",
            "propagating_vgws": null,
            "route": [],
            "tags": {
              "Name": "OracleToMongo",
              "expire-on": "2023-04-09",
              "owner": "gabriel.paranthoen",
              "purpose": "other"
            },
            "tags_all": {
              "Name": "OracleToMongo",
              "expire-on": "2023-04-09",
              "owner": "gabriel.paranthoen",
              "purpose": "other"
            },
            "timeouts": {
              "create": "5m",
              "update": "5m"
            },
            "vpc_id": "vpc-099e16b282ae17a48"
          },
          "sensitive_attributes": [],
          "private": "eyJlMmJmYjczMC1lY2FhLTExZTYtOGY4OC0zNDM2M2JjN2M0YzAiOnsiY3JlYXRlIjozMDAwMDAwMDAwMDAsInVwZGF0ZSI6MzAwMDAwMDAwMDAwfX0=",
          "dependencies": [
            "module.vpc.aws_vpc.this"
          ]
        }
      ]
    },
    {
      "module": "module.vpc",
      "mode": "managed",
      "type": "aws_default_security_group",
      "name": "this",
      "provider": "provider[\"registry.terraform.io/hashicorp/aws\"]",
      "instances": [
        {
          "index_key": 0,
          "schema_version": 1,
          "attributes": {
            "arn": "arn:aws:ec2:eu-west-1:979559056307:security-group/sg-0f5041bb2bb5a4bfd",
            "description": "default VPC security group",
            "egress": [],
            "id": "sg-0f5041bb2bb5a4bfd",
            "ingress": [],
            "name": "default",
            "name_prefix": "",
            "owner_id": "979559056307",
            "revoke_rules_on_delete": false,
            "tags": {
              "Name": "OracleToMongo",
              "expire-on": "2023-04-09",
              "owner": "gabriel.paranthoen",
              "purpose": "other"
            },
            "tags_all": {
              "Name": "OracleToMongo",
              "expire-on": "2023-04-09",
              "owner": "gabriel.paranthoen",
              "purpose": "other"
            },
            "vpc_id": "vpc-099e16b282ae17a48"
          },
          "sensitive_attributes": [],
          "private": "eyJzY2hlbWFfdmVyc2lvbiI6IjEifQ==",
          "dependencies": [
            "module.vpc.aws_vpc.this"
          ]
        }
      ]
    },
    {
      "module": "module.vpc",
      "mode": "managed",
      "type": "aws_internet_gateway",
      "name": "this",
      "provider": "provider[\"registry.terraform.io/hashicorp/aws\"]",
      "instances": [
        {
          "index_key": 0,
          "schema_version": 0,
          "attributes": {
            "arn": "arn:aws:ec2:eu-west-1:979559056307:internet-gateway/igw-0b80897fdc5e3ecf0",
            "id": "igw-0b80897fdc5e3ecf0",
            "owner_id": "979559056307",
            "tags": {
              "Name": "OracleToMongo",
              "expire-on": "2023-04-09",
              "owner": "gabriel.paranthoen",
              "purpose": "other"
            },
            "tags_all": {
              "Name": "OracleToMongo",
              "expire-on": "2023-04-09",
              "owner": "gabriel.paranthoen",
              "purpose": "other"
            },
            "timeouts": null,
            "vpc_id": "vpc-099e16b282ae17a48"
          },
          "sensitive_attributes": [],
          "private": "eyJlMmJmYjczMC1lY2FhLTExZTYtOGY4OC0zNDM2M2JjN2M0YzAiOnsiY3JlYXRlIjoxMjAwMDAwMDAwMDAwLCJkZWxldGUiOjEyMDAwMDAwMDAwMDAsInVwZGF0ZSI6MTIwMDAwMDAwMDAwMH19",
          "dependencies": [
            "module.vpc.aws_vpc.this",
            "module.vpc.aws_vpc_ipv4_cidr_block_association.this"
          ]
        }
      ]
    },
    {
      "module": "module.vpc",
      "mode": "managed",
      "type": "aws_route",
      "name": "public_internet_gateway",
      "provider": "provider[\"registry.terraform.io/hashicorp/aws\"]",
      "instances": [
        {
          "index_key": 0,
          "schema_version": 0,
          "attributes": {
            "carrier_gateway_id": "",
            "core_network_arn": "",
            "destination_cidr_block": "0.0.0.0/0",
            "destination_ipv6_cidr_block": "",
            "destination_prefix_list_id": "",
            "egress_only_gateway_id": "",
            "gateway_id": "igw-0b80897fdc5e3ecf0",
            "id": "r-rtb-0ba53f10bc3b7f54c1080289494",
            "instance_id": "",
            "instance_owner_id": "",
            "local_gateway_id": "",
            "nat_gateway_id": "",
            "network_interface_id": "",
            "origin": "CreateRoute",
            "route_table_id": "rtb-0ba53f10bc3b7f54c",
            "state": "active",
            "timeouts": {
              "create": "5m",
              "delete": null,
              "update": null
            },
            "transit_gateway_id": "",
            "vpc_endpoint_id": "",
            "vpc_peering_connection_id": ""
          },
          "sensitive_attributes": [],
          "private": "eyJlMmJmYjczMC1lY2FhLTExZTYtOGY4OC0zNDM2M2JjN2M0YzAiOnsiY3JlYXRlIjozMDAwMDAwMDAwMDAsImRlbGV0ZSI6MzAwMDAwMDAwMDAwLCJ1cGRhdGUiOjEyMDAwMDAwMDAwMH19",
          "dependencies": [
            "module.vpc.aws_internet_gateway.this",
            "module.vpc.aws_route_table.public",
            "module.vpc.aws_vpc.this",
            "module.vpc.aws_vpc_ipv4_cidr_block_association.this"
          ]
        }
      ]
    },
    {
      "module": "module.vpc",
      "mode": "managed",
      "type": "aws_route_table",
      "name": "private",
      "provider": "provider[\"registry.terraform.io/hashicorp/aws\"]",
      "instances": [
        {
          "index_key": 0,
          "schema_version": 0,
          "attributes": {
            "arn": "arn:aws:ec2:eu-west-1:979559056307:route-table/rtb-083422c28af22982b",
            "id": "rtb-083422c28af22982b",
            "owner_id": "979559056307",
            "propagating_vgws": [],
            "route": [],
            "tags": {
              "Name": "OracleToMongo",
              "expire-on": "2023-04-09",
              "owner": "gabriel.paranthoen",
              "purpose": "other"
            },
            "tags_all": {
              "Name": "OracleToMongo",
              "expire-on": "2023-04-09",
              "owner": "gabriel.paranthoen",
              "purpose": "other"
            },
            "timeouts": null,
            "vpc_id": "vpc-099e16b282ae17a48"
          },
          "sensitive_attributes": [],
          "private": "eyJlMmJmYjczMC1lY2FhLTExZTYtOGY4OC0zNDM2M2JjN2M0YzAiOnsiY3JlYXRlIjozMDAwMDAwMDAwMDAsImRlbGV0ZSI6MzAwMDAwMDAwMDAwLCJ1cGRhdGUiOjEyMDAwMDAwMDAwMH19",
          "dependencies": [
            "module.vpc.aws_vpc.this",
            "module.vpc.aws_vpc_ipv4_cidr_block_association.this"
          ]
        },
        {
          "index_key": 1,
          "schema_version": 0,
          "attributes": {
            "arn": "arn:aws:ec2:eu-west-1:979559056307:route-table/rtb-01860377a4ec2d3c2",
            "id": "rtb-01860377a4ec2d3c2",
            "owner_id": "979559056307",
            "propagating_vgws": [],
            "route": [],
            "tags": {
              "Name": "OracleToMongo",
              "expire-on": "2023-04-09",
              "owner": "gabriel.paranthoen",
              "purpose": "other"
            },
            "tags_all": {
              "Name": "OracleToMongo",
              "expire-on": "2023-04-09",
              "owner": "gabriel.paranthoen",
              "purpose": "other"
            },
            "timeouts": null,
            "vpc_id": "vpc-099e16b282ae17a48"
          },
          "sensitive_attributes": [],
          "private": "eyJlMmJmYjczMC1lY2FhLTExZTYtOGY4OC0zNDM2M2JjN2M0YzAiOnsiY3JlYXRlIjozMDAwMDAwMDAwMDAsImRlbGV0ZSI6MzAwMDAwMDAwMDAwLCJ1cGRhdGUiOjEyMDAwMDAwMDAwMH19",
          "dependencies": [
            "module.vpc.aws_vpc.this",
            "module.vpc.aws_vpc_ipv4_cidr_block_association.this"
          ]
        },
        {
          "index_key": 2,
          "schema_version": 0,
          "attributes": {
            "arn": "arn:aws:ec2:eu-west-1:979559056307:route-table/rtb-03a2580b16c0b7ca3",
            "id": "rtb-03a2580b16c0b7ca3",
            "owner_id": "979559056307",
            "propagating_vgws": [],
            "route": [],
            "tags": {
              "Name": "OracleToMongo",
              "expire-on": "2023-04-09",
              "owner": "gabriel.paranthoen",
              "purpose": "other"
            },
            "tags_all": {
              "Name": "OracleToMongo",
              "expire-on": "2023-04-09",
              "owner": "gabriel.paranthoen",
              "purpose": "other"
            },
            "timeouts": null,
            "vpc_id": "vpc-099e16b282ae17a48"
          },
          "sensitive_attributes": [],
          "private": "eyJlMmJmYjczMC1lY2FhLTExZTYtOGY4OC0zNDM2M2JjN2M0YzAiOnsiY3JlYXRlIjozMDAwMDAwMDAwMDAsImRlbGV0ZSI6MzAwMDAwMDAwMDAwLCJ1cGRhdGUiOjEyMDAwMDAwMDAwMH19",
          "dependencies": [
            "module.vpc.aws_vpc.this",
            "module.vpc.aws_vpc_ipv4_cidr_block_association.this"
          ]
        }
      ]
    },
    {
      "module": "module.vpc",
      "mode": "managed",
      "type": "aws_route_table",
      "name": "public",
      "provider": "provider[\"registry.terraform.io/hashicorp/aws\"]",
      "instances": [
        {
          "index_key": 0,
          "schema_version": 0,
          "attributes": {
            "arn": "arn:aws:ec2:eu-west-1:979559056307:route-table/rtb-0ba53f10bc3b7f54c",
            "id": "rtb-0ba53f10bc3b7f54c",
            "owner_id": "979559056307",
            "propagating_vgws": [],
            "route": [],
            "tags": {
              "Name": "OracleToMongo",
              "expire-on": "2023-04-09",
              "owner": "gabriel.paranthoen",
              "purpose": "other"
            },
            "tags_all": {
              "Name": "OracleToMongo",
              "expire-on": "2023-04-09",
              "owner": "gabriel.paranthoen",
              "purpose": "other"
            },
            "timeouts": null,
            "vpc_id": "vpc-099e16b282ae17a48"
          },
          "sensitive_attributes": [],
          "private": "eyJlMmJmYjczMC1lY2FhLTExZTYtOGY4OC0zNDM2M2JjN2M0YzAiOnsiY3JlYXRlIjozMDAwMDAwMDAwMDAsImRlbGV0ZSI6MzAwMDAwMDAwMDAwLCJ1cGRhdGUiOjEyMDAwMDAwMDAwMH19",
          "dependencies": [
            "module.vpc.aws_vpc.this",
            "module.vpc.aws_vpc_ipv4_cidr_block_association.this"
          ]
        }
      ]
    },
    {
      "module": "module.vpc",
      "mode": "managed",
      "type": "aws_route_table_association",
      "name": "database",
      "provider": "provider[\"registry.terraform.io/hashicorp/aws\"]",
      "instances": [
        {
          "index_key": 0,
          "schema_version": 0,
          "attributes": {
            "gateway_id": "",
            "id": "rtbassoc-05a7506f84a6fcf14",
            "route_table_id": "rtb-083422c28af22982b",
            "subnet_id": "subnet-0765a2a567117c930",
            "timeouts": null
          },
          "sensitive_attributes": [],
          "private": "eyJlMmJmYjczMC1lY2FhLTExZTYtOGY4OC0zNDM2M2JjN2M0YzAiOnsiY3JlYXRlIjozMDAwMDAwMDAwMDAsImRlbGV0ZSI6MzAwMDAwMDAwMDAwLCJ1cGRhdGUiOjEyMDAwMDAwMDAwMH19",
          "dependencies": [
            "module.vpc.aws_route_table.database",
            "module.vpc.aws_route_table.private",
            "module.vpc.aws_subnet.database",
            "module.vpc.aws_vpc.this",
            "module.vpc.aws_vpc_ipv4_cidr_block_association.this"
          ]
        },
        {
          "index_key": 1,
          "schema_version": 0,
          "attributes": {
            "gateway_id": "",
            "id": "rtbassoc-0e3999c330410f667",
            "route_table_id": "rtb-01860377a4ec2d3c2",
            "subnet_id": "subnet-04dba0875d5696cbf",
            "timeouts": null
          },
          "sensitive_attributes": [],
          "private": "eyJlMmJmYjczMC1lY2FhLTExZTYtOGY4OC0zNDM2M2JjN2M0YzAiOnsiY3JlYXRlIjozMDAwMDAwMDAwMDAsImRlbGV0ZSI6MzAwMDAwMDAwMDAwLCJ1cGRhdGUiOjEyMDAwMDAwMDAwMH19",
          "dependencies": [
            "module.vpc.aws_route_table.database",
            "module.vpc.aws_route_table.private",
            "module.vpc.aws_subnet.database",
            "module.vpc.aws_vpc.this",
            "module.vpc.aws_vpc_ipv4_cidr_block_association.this"
          ]
        },
        {
          "index_key": 2,
          "schema_version": 0,
          "attributes": {
            "gateway_id": "",
            "id": "rtbassoc-088c1de2411eb392f",
            "route_table_id": "rtb-03a2580b16c0b7ca3",
            "subnet_id": "subnet-067b3b4202ab3d4a2",
            "timeouts": null
          },
          "sensitive_attributes": [],
          "private": "eyJlMmJmYjczMC1lY2FhLTExZTYtOGY4OC0zNDM2M2JjN2M0YzAiOnsiY3JlYXRlIjozMDAwMDAwMDAwMDAsImRlbGV0ZSI6MzAwMDAwMDAwMDAwLCJ1cGRhdGUiOjEyMDAwMDAwMDAwMH19",
          "dependencies": [
            "module.vpc.aws_route_table.database",
            "module.vpc.aws_route_table.private",
            "module.vpc.aws_subnet.database",
            "module.vpc.aws_vpc.this",
            "module.vpc.aws_vpc_ipv4_cidr_block_association.this"
          ]
        }
      ]
    },
    {
      "module": "module.vpc",
      "mode": "managed",
      "type": "aws_route_table_association",
      "name": "private",
      "provider": "provider[\"registry.terraform.io/hashicorp/aws\"]",
      "instances": [
        {
          "index_key": 0,
          "schema_version": 0,
          "attributes": {
            "gateway_id": "",
            "id": "rtbassoc-0d1108df1adcbb505",
            "route_table_id": "rtb-083422c28af22982b",
            "subnet_id": "subnet-0aca154212bbea219",
            "timeouts": null
          },
          "sensitive_attributes": [],
          "private": "eyJlMmJmYjczMC1lY2FhLTExZTYtOGY4OC0zNDM2M2JjN2M0YzAiOnsiY3JlYXRlIjozMDAwMDAwMDAwMDAsImRlbGV0ZSI6MzAwMDAwMDAwMDAwLCJ1cGRhdGUiOjEyMDAwMDAwMDAwMH19",
          "dependencies": [
            "module.vpc.aws_route_table.private",
            "module.vpc.aws_subnet.private",
            "module.vpc.aws_vpc.this",
            "module.vpc.aws_vpc_ipv4_cidr_block_association.this"
          ]
        },
        {
          "index_key": 1,
          "schema_version": 0,
          "attributes": {
            "gateway_id": "",
            "id": "rtbassoc-0cce4525717c025d3",
            "route_table_id": "rtb-01860377a4ec2d3c2",
            "subnet_id": "subnet-0b682e109885f644b",
            "timeouts": null
          },
          "sensitive_attributes": [],
          "private": "eyJlMmJmYjczMC1lY2FhLTExZTYtOGY4OC0zNDM2M2JjN2M0YzAiOnsiY3JlYXRlIjozMDAwMDAwMDAwMDAsImRlbGV0ZSI6MzAwMDAwMDAwMDAwLCJ1cGRhdGUiOjEyMDAwMDAwMDAwMH19",
          "dependencies": [
            "module.vpc.aws_route_table.private",
            "module.vpc.aws_subnet.private",
            "module.vpc.aws_vpc.this",
            "module.vpc.aws_vpc_ipv4_cidr_block_association.this"
          ]
        },
        {
          "index_key": 2,
          "schema_version": 0,
          "attributes": {
            "gateway_id": "",
            "id": "rtbassoc-0c56b3a67c37603df",
            "route_table_id": "rtb-03a2580b16c0b7ca3",
            "subnet_id": "subnet-0033ddc8cf6276fff",
            "timeouts": null
          },
          "sensitive_attributes": [],
          "private": "eyJlMmJmYjczMC1lY2FhLTExZTYtOGY4OC0zNDM2M2JjN2M0YzAiOnsiY3JlYXRlIjozMDAwMDAwMDAwMDAsImRlbGV0ZSI6MzAwMDAwMDAwMDAwLCJ1cGRhdGUiOjEyMDAwMDAwMDAwMH19",
          "dependencies": [
            "module.vpc.aws_route_table.private",
            "module.vpc.aws_subnet.private",
            "module.vpc.aws_vpc.this",
            "module.vpc.aws_vpc_ipv4_cidr_block_association.this"
          ]
        }
      ]
    },
    {
      "module": "module.vpc",
      "mode": "managed",
      "type": "aws_route_table_association",
      "name": "public",
      "provider": "provider[\"registry.terraform.io/hashicorp/aws\"]",
      "instances": [
        {
          "index_key": 0,
          "schema_version": 0,
          "attributes": {
            "gateway_id": "",
            "id": "rtbassoc-0819bd8e482a613d8",
            "route_table_id": "rtb-0ba53f10bc3b7f54c",
            "subnet_id": "subnet-0ea467e49a6f17f70",
            "timeouts": null
          },
          "sensitive_attributes": [],
          "private": "eyJlMmJmYjczMC1lY2FhLTExZTYtOGY4OC0zNDM2M2JjN2M0YzAiOnsiY3JlYXRlIjozMDAwMDAwMDAwMDAsImRlbGV0ZSI6MzAwMDAwMDAwMDAwLCJ1cGRhdGUiOjEyMDAwMDAwMDAwMH19",
          "dependencies": [
            "module.vpc.aws_route_table.public",
            "module.vpc.aws_subnet.public",
            "module.vpc.aws_vpc.this",
            "module.vpc.aws_vpc_ipv4_cidr_block_association.this"
          ]
        },
        {
          "index_key": 1,
          "schema_version": 0,
          "attributes": {
            "gateway_id": "",
            "id": "rtbassoc-03c03f66fd04ee70e",
            "route_table_id": "rtb-0ba53f10bc3b7f54c",
            "subnet_id": "subnet-0e48a78df3a9f8917",
            "timeouts": null
          },
          "sensitive_attributes": [],
          "private": "eyJlMmJmYjczMC1lY2FhLTExZTYtOGY4OC0zNDM2M2JjN2M0YzAiOnsiY3JlYXRlIjozMDAwMDAwMDAwMDAsImRlbGV0ZSI6MzAwMDAwMDAwMDAwLCJ1cGRhdGUiOjEyMDAwMDAwMDAwMH19",
          "dependencies": [
            "module.vpc.aws_route_table.public",
            "module.vpc.aws_subnet.public",
            "module.vpc.aws_vpc.this",
            "module.vpc.aws_vpc_ipv4_cidr_block_association.this"
          ]
        },
        {
          "index_key": 2,
          "schema_version": 0,
          "attributes": {
            "gateway_id": "",
            "id": "rtbassoc-02e437b4a9b5c0ba0",
            "route_table_id": "rtb-0ba53f10bc3b7f54c",
            "subnet_id": "subnet-02e97ca12d2646ac4",
            "timeouts": null
          },
          "sensitive_attributes": [],
          "private": "eyJlMmJmYjczMC1lY2FhLTExZTYtOGY4OC0zNDM2M2JjN2M0YzAiOnsiY3JlYXRlIjozMDAwMDAwMDAwMDAsImRlbGV0ZSI6MzAwMDAwMDAwMDAwLCJ1cGRhdGUiOjEyMDAwMDAwMDAwMH19",
          "dependencies": [
            "module.vpc.aws_route_table.public",
            "module.vpc.aws_subnet.public",
            "module.vpc.aws_vpc.this",
            "module.vpc.aws_vpc_ipv4_cidr_block_association.this"
          ]
        }
      ]
    },
    {
      "module": "module.vpc",
      "mode": "managed",
      "type": "aws_subnet",
      "name": "database",
      "provider": "provider[\"registry.terraform.io/hashicorp/aws\"]",
      "instances": [
        {
          "index_key": 0,
          "schema_version": 1,
          "attributes": {
            "arn": "arn:aws:ec2:eu-west-1:979559056307:subnet/subnet-0765a2a567117c930",
            "assign_ipv6_address_on_creation": false,
            "availability_zone": "eu-west-1a",
            "availability_zone_id": "euw1-az3",
            "cidr_block": "10.99.7.0/24",
            "customer_owned_ipv4_pool": "",
            "enable_dns64": false,
            "enable_lni_at_device_index": 0,
            "enable_resource_name_dns_a_record_on_launch": false,
            "enable_resource_name_dns_aaaa_record_on_launch": false,
            "id": "subnet-0765a2a567117c930",
            "ipv6_cidr_block": "",
            "ipv6_cidr_block_association_id": "",
            "ipv6_native": false,
            "map_customer_owned_ip_on_launch": false,
            "map_public_ip_on_launch": false,
            "outpost_arn": "",
            "owner_id": "979559056307",
            "private_dns_hostname_type_on_launch": "ip-name",
            "tags": {
              "Name": "OracleToMongo",
              "expire-on": "2023-04-09",
              "owner": "gabriel.paranthoen",
              "purpose": "other"
            },
            "tags_all": {
              "Name": "OracleToMongo",
              "expire-on": "2023-04-09",
              "owner": "gabriel.paranthoen",
              "purpose": "other"
            },
            "timeouts": null,
            "vpc_id": "vpc-099e16b282ae17a48"
          },
          "sensitive_attributes": [],
          "private": "eyJlMmJmYjczMC1lY2FhLTExZTYtOGY4OC0zNDM2M2JjN2M0YzAiOnsiY3JlYXRlIjo2MDAwMDAwMDAwMDAsImRlbGV0ZSI6MTIwMDAwMDAwMDAwMH0sInNjaGVtYV92ZXJzaW9uIjoiMSJ9",
          "dependencies": [
            "module.vpc.aws_vpc.this",
            "module.vpc.aws_vpc_ipv4_cidr_block_association.this"
          ],
          "create_before_destroy": true
        },
        {
          "index_key": 1,
          "schema_version": 1,
          "attributes": {
            "arn": "arn:aws:ec2:eu-west-1:979559056307:subnet/subnet-04dba0875d5696cbf",
            "assign_ipv6_address_on_creation": false,
            "availability_zone": "eu-west-1b",
            "availability_zone_id": "euw1-az1",
            "cidr_block": "10.99.8.0/24",
            "customer_owned_ipv4_pool": "",
            "enable_dns64": false,
            "enable_lni_at_device_index": 0,
            "enable_resource_name_dns_a_record_on_launch": false,
            "enable_resource_name_dns_aaaa_record_on_launch": false,
            "id": "subnet-04dba0875d5696cbf",
            "ipv6_cidr_block": "",
            "ipv6_cidr_block_association_id": "",
            "ipv6_native": false,
            "map_customer_owned_ip_on_launch": false,
            "map_public_ip_on_launch": false,
            "outpost_arn": "",
            "owner_id": "979559056307",
            "private_dns_hostname_type_on_launch": "ip-name",
            "tags": {
              "Name": "OracleToMongo",
              "expire-on": "2023-04-09",
              "owner": "gabriel.paranthoen",
              "purpose": "other"
            },
            "tags_all": {
              "Name": "OracleToMongo",
              "expire-on": "2023-04-09",
              "owner": "gabriel.paranthoen",
              "purpose": "other"
            },
            "timeouts": null,
            "vpc_id": "vpc-099e16b282ae17a48"
          },
          "sensitive_attributes": [],
          "private": "eyJlMmJmYjczMC1lY2FhLTExZTYtOGY4OC0zNDM2M2JjN2M0YzAiOnsiY3JlYXRlIjo2MDAwMDAwMDAwMDAsImRlbGV0ZSI6MTIwMDAwMDAwMDAwMH0sInNjaGVtYV92ZXJzaW9uIjoiMSJ9",
          "dependencies": [
            "module.vpc.aws_vpc.this",
            "module.vpc.aws_vpc_ipv4_cidr_block_association.this"
          ],
          "create_before_destroy": true
        },
        {
          "index_key": 2,
          "schema_version": 1,
          "attributes": {
            "arn": "arn:aws:ec2:eu-west-1:979559056307:subnet/subnet-067b3b4202ab3d4a2",
            "assign_ipv6_address_on_creation": false,
            "availability_zone": "eu-west-1c",
            "availability_zone_id": "euw1-az2",
            "cidr_block": "10.99.9.0/24",
            "customer_owned_ipv4_pool": "",
            "enable_dns64": false,
            "enable_lni_at_device_index": 0,
            "enable_resource_name_dns_a_record_on_launch": false,
            "enable_resource_name_dns_aaaa_record_on_launch": false,
            "id": "subnet-067b3b4202ab3d4a2",
            "ipv6_cidr_block": "",
            "ipv6_cidr_block_association_id": "",
            "ipv6_native": false,
            "map_customer_owned_ip_on_launch": false,
            "map_public_ip_on_launch": false,
            "outpost_arn": "",
            "owner_id": "979559056307",
            "private_dns_hostname_type_on_launch": "ip-name",
            "tags": {
              "Name": "OracleToMongo",
              "expire-on": "2023-04-09",
              "owner": "gabriel.paranthoen",
              "purpose": "other"
            },
            "tags_all": {
              "Name": "OracleToMongo",
              "expire-on": "2023-04-09",
              "owner": "gabriel.paranthoen",
              "purpose": "other"
            },
            "timeouts": null,
            "vpc_id": "vpc-099e16b282ae17a48"
          },
          "sensitive_attributes": [],
          "private": "eyJlMmJmYjczMC1lY2FhLTExZTYtOGY4OC0zNDM2M2JjN2M0YzAiOnsiY3JlYXRlIjo2MDAwMDAwMDAwMDAsImRlbGV0ZSI6MTIwMDAwMDAwMDAwMH0sInNjaGVtYV92ZXJzaW9uIjoiMSJ9",
          "dependencies": [
            "module.vpc.aws_vpc.this",
            "module.vpc.aws_vpc_ipv4_cidr_block_association.this"
          ],
          "create_before_destroy": true
        }
      ]
    },
    {
      "module": "module.vpc",
      "mode": "managed",
      "type": "aws_subnet",
      "name": "private",
      "provider": "provider[\"registry.terraform.io/hashicorp/aws\"]",
      "instances": [
        {
          "index_key": 0,
          "schema_version": 1,
          "attributes": {
            "arn": "arn:aws:ec2:eu-west-1:979559056307:subnet/subnet-0aca154212bbea219",
            "assign_ipv6_address_on_creation": false,
            "availability_zone": "eu-west-1a",
            "availability_zone_id": "euw1-az3",
            "cidr_block": "10.99.3.0/24",
            "customer_owned_ipv4_pool": "",
            "enable_dns64": false,
            "enable_lni_at_device_index": 0,
            "enable_resource_name_dns_a_record_on_launch": false,
            "enable_resource_name_dns_aaaa_record_on_launch": false,
            "id": "subnet-0aca154212bbea219",
            "ipv6_cidr_block": "",
            "ipv6_cidr_block_association_id": "",
            "ipv6_native": false,
            "map_customer_owned_ip_on_launch": false,
            "map_public_ip_on_launch": false,
            "outpost_arn": "",
            "owner_id": "979559056307",
            "private_dns_hostname_type_on_launch": "ip-name",
            "tags": {
              "Name": "OracleToMongo",
              "expire-on": "2023-04-09",
              "owner": "gabriel.paranthoen",
              "purpose": "other"
            },
            "tags_all": {
              "Name": "OracleToMongo",
              "expire-on": "2023-04-09",
              "owner": "gabriel.paranthoen",
              "purpose": "other"
            },
            "timeouts": null,
            "vpc_id": "vpc-099e16b282ae17a48"
          },
          "sensitive_attributes": [],
          "private": "eyJlMmJmYjczMC1lY2FhLTExZTYtOGY4OC0zNDM2M2JjN2M0YzAiOnsiY3JlYXRlIjo2MDAwMDAwMDAwMDAsImRlbGV0ZSI6MTIwMDAwMDAwMDAwMH0sInNjaGVtYV92ZXJzaW9uIjoiMSJ9",
          "dependencies": [
            "module.vpc.aws_vpc.this",
            "module.vpc.aws_vpc_ipv4_cidr_block_association.this"
          ]
        },
        {
          "index_key": 1,
          "schema_version": 1,
          "attributes": {
            "arn": "arn:aws:ec2:eu-west-1:979559056307:subnet/subnet-0b682e109885f644b",
            "assign_ipv6_address_on_creation": false,
            "availability_zone": "eu-west-1b",
            "availability_zone_id": "euw1-az1",
            "cidr_block": "10.99.4.0/24",
            "customer_owned_ipv4_pool": "",
            "enable_dns64": false,
            "enable_lni_at_device_index": 0,
            "enable_resource_name_dns_a_record_on_launch": false,
            "enable_resource_name_dns_aaaa_record_on_launch": false,
            "id": "subnet-0b682e109885f644b",
            "ipv6_cidr_block": "",
            "ipv6_cidr_block_association_id": "",
            "ipv6_native": false,
            "map_customer_owned_ip_on_launch": false,
            "map_public_ip_on_launch": false,
            "outpost_arn": "",
            "owner_id": "979559056307",
            "private_dns_hostname_type_on_launch": "ip-name",
            "tags": {
              "Name": "OracleToMongo",
              "expire-on": "2023-04-09",
              "owner": "gabriel.paranthoen",
              "purpose": "other"
            },
            "tags_all": {
              "Name": "OracleToMongo",
              "expire-on": "2023-04-09",
              "owner": "gabriel.paranthoen",
              "purpose": "other"
            },
            "timeouts": null,
            "vpc_id": "vpc-099e16b282ae17a48"
          },
          "sensitive_attributes": [],
          "private": "eyJlMmJmYjczMC1lY2FhLTExZTYtOGY4OC0zNDM2M2JjN2M0YzAiOnsiY3JlYXRlIjo2MDAwMDAwMDAwMDAsImRlbGV0ZSI6MTIwMDAwMDAwMDAwMH0sInNjaGVtYV92ZXJzaW9uIjoiMSJ9",
          "dependencies": [
            "module.vpc.aws_vpc.this",
            "module.vpc.aws_vpc_ipv4_cidr_block_association.this"
          ]
        },
        {
          "index_key": 2,
          "schema_version": 1,
          "attributes": {
            "arn": "arn:aws:ec2:eu-west-1:979559056307:subnet/subnet-0033ddc8cf6276fff",
            "assign_ipv6_address_on_creation": false,
            "availability_zone": "eu-west-1c",
            "availability_zone_id": "euw1-az2",
            "cidr_block": "10.99.5.0/24",
            "customer_owned_ipv4_pool": "",
            "enable_dns64": false,
            "enable_lni_at_device_index": 0,
            "enable_resource_name_dns_a_record_on_launch": false,
            "enable_resource_name_dns_aaaa_record_on_launch": false,
            "id": "subnet-0033ddc8cf6276fff",
            "ipv6_cidr_block": "",
            "ipv6_cidr_block_association_id": "",
            "ipv6_native": false,
            "map_customer_owned_ip_on_launch": false,
            "map_public_ip_on_launch": false,
            "outpost_arn": "",
            "owner_id": "979559056307",
            "private_dns_hostname_type_on_launch": "ip-name",
            "tags": {
              "Name": "OracleToMongo",
              "expire-on": "2023-04-09",
              "owner": "gabriel.paranthoen",
              "purpose": "other"
            },
            "tags_all": {
              "Name": "OracleToMongo",
              "expire-on": "2023-04-09",
              "owner": "gabriel.paranthoen",
              "purpose": "other"
            },
            "timeouts": null,
            "vpc_id": "vpc-099e16b282ae17a48"
          },
          "sensitive_attributes": [],
          "private": "eyJlMmJmYjczMC1lY2FhLTExZTYtOGY4OC0zNDM2M2JjN2M0YzAiOnsiY3JlYXRlIjo2MDAwMDAwMDAwMDAsImRlbGV0ZSI6MTIwMDAwMDAwMDAwMH0sInNjaGVtYV92ZXJzaW9uIjoiMSJ9",
          "dependencies": [
            "module.vpc.aws_vpc.this",
            "module.vpc.aws_vpc_ipv4_cidr_block_association.this"
          ]
        }
      ]
    },
    {
      "module": "module.vpc",
      "mode": "managed",
      "type": "aws_subnet",
      "name": "public",
      "provider": "provider[\"registry.terraform.io/hashicorp/aws\"]",
      "instances": [
        {
          "index_key": 0,
          "schema_version": 1,
          "attributes": {
            "arn": "arn:aws:ec2:eu-west-1:979559056307:subnet/subnet-0ea467e49a6f17f70",
            "assign_ipv6_address_on_creation": false,
            "availability_zone": "eu-west-1a",
            "availability_zone_id": "euw1-az3",
            "cidr_block": "10.99.0.0/24",
            "customer_owned_ipv4_pool": "",
            "enable_dns64": false,
            "enable_lni_at_device_index": 0,
            "enable_resource_name_dns_a_record_on_launch": false,
            "enable_resource_name_dns_aaaa_record_on_launch": false,
            "id": "subnet-0ea467e49a6f17f70",
            "ipv6_cidr_block": "",
            "ipv6_cidr_block_association_id": "",
            "ipv6_native": false,
            "map_customer_owned_ip_on_launch": false,
            "map_public_ip_on_launch": false,
            "outpost_arn": "",
            "owner_id": "979559056307",
            "private_dns_hostname_type_on_launch": "ip-name",
            "tags": {
              "Name": "OracleToMongo",
              "expire-on": "2023-04-09",
              "owner": "gabriel.paranthoen",
              "purpose": "other"
            },
            "tags_all": {
              "Name": "OracleToMongo",
              "expire-on": "2023-04-09",
              "owner": "gabriel.paranthoen",
              "purpose": "other"
            },
            "timeouts": null,
            "vpc_id": "vpc-099e16b282ae17a48"
          },
          "sensitive_attributes": [],
          "private": "eyJlMmJmYjczMC1lY2FhLTExZTYtOGY4OC0zNDM2M2JjN2M0YzAiOnsiY3JlYXRlIjo2MDAwMDAwMDAwMDAsImRlbGV0ZSI6MTIwMDAwMDAwMDAwMH0sInNjaGVtYV92ZXJzaW9uIjoiMSJ9",
          "dependencies": [
            "module.vpc.aws_vpc.this",
            "module.vpc.aws_vpc_ipv4_cidr_block_association.this"
          ]
        },
        {
          "index_key": 1,
          "schema_version": 1,
          "attributes": {
            "arn": "arn:aws:ec2:eu-west-1:979559056307:subnet/subnet-0e48a78df3a9f8917",
            "assign_ipv6_address_on_creation": false,
            "availability_zone": "eu-west-1b",
            "availability_zone_id": "euw1-az1",
            "cidr_block": "10.99.1.0/24",
            "customer_owned_ipv4_pool": "",
            "enable_dns64": false,
            "enable_lni_at_device_index": 0,
            "enable_resource_name_dns_a_record_on_launch": false,
            "enable_resource_name_dns_aaaa_record_on_launch": false,
            "id": "subnet-0e48a78df3a9f8917",
            "ipv6_cidr_block": "",
            "ipv6_cidr_block_association_id": "",
            "ipv6_native": false,
            "map_customer_owned_ip_on_launch": false,
            "map_public_ip_on_launch": false,
            "outpost_arn": "",
            "owner_id": "979559056307",
            "private_dns_hostname_type_on_launch": "ip-name",
            "tags": {
              "Name": "OracleToMongo",
              "expire-on": "2023-04-09",
              "owner": "gabriel.paranthoen",
              "purpose": "other"
            },
            "tags_all": {
              "Name": "OracleToMongo",
              "expire-on": "2023-04-09",
              "owner": "gabriel.paranthoen",
              "purpose": "other"
            },
            "timeouts": null,
            "vpc_id": "vpc-099e16b282ae17a48"
          },
          "sensitive_attributes": [],
          "private": "eyJlMmJmYjczMC1lY2FhLTExZTYtOGY4OC0zNDM2M2JjN2M0YzAiOnsiY3JlYXRlIjo2MDAwMDAwMDAwMDAsImRlbGV0ZSI6MTIwMDAwMDAwMDAwMH0sInNjaGVtYV92ZXJzaW9uIjoiMSJ9",
          "dependencies": [
            "module.vpc.aws_vpc.this",
            "module.vpc.aws_vpc_ipv4_cidr_block_association.this"
          ]
        },
        {
          "index_key": 2,
          "schema_version": 1,
          "attributes": {
            "arn": "arn:aws:ec2:eu-west-1:979559056307:subnet/subnet-02e97ca12d2646ac4",
            "assign_ipv6_address_on_creation": false,
            "availability_zone": "eu-west-1c",
            "availability_zone_id": "euw1-az2",
            "cidr_block": "10.99.2.0/24",
            "customer_owned_ipv4_pool": "",
            "enable_dns64": false,
            "enable_lni_at_device_index": 0,
            "enable_resource_name_dns_a_record_on_launch": false,
            "enable_resource_name_dns_aaaa_record_on_launch": false,
            "id": "subnet-02e97ca12d2646ac4",
            "ipv6_cidr_block": "",
            "ipv6_cidr_block_association_id": "",
            "ipv6_native": false,
            "map_customer_owned_ip_on_launch": false,
            "map_public_ip_on_launch": false,
            "outpost_arn": "",
            "owner_id": "979559056307",
            "private_dns_hostname_type_on_launch": "ip-name",
            "tags": {
              "Name": "OracleToMongo",
              "expire-on": "2023-04-09",
              "owner": "gabriel.paranthoen",
              "purpose": "other"
            },
            "tags_all": {
              "Name": "OracleToMongo",
              "expire-on": "2023-04-09",
              "owner": "gabriel.paranthoen",
              "purpose": "other"
            },
            "timeouts": null,
            "vpc_id": "vpc-099e16b282ae17a48"
          },
          "sensitive_attributes": [],
          "private": "eyJlMmJmYjczMC1lY2FhLTExZTYtOGY4OC0zNDM2M2JjN2M0YzAiOnsiY3JlYXRlIjo2MDAwMDAwMDAwMDAsImRlbGV0ZSI6MTIwMDAwMDAwMDAwMH0sInNjaGVtYV92ZXJzaW9uIjoiMSJ9",
          "dependencies": [
            "module.vpc.aws_vpc.this",
            "module.vpc.aws_vpc_ipv4_cidr_block_association.this"
          ]
        }
      ]
    },
    {
      "module": "module.vpc",
      "mode": "managed",
      "type": "aws_vpc",
      "name": "this",
      "provider": "provider[\"registry.terraform.io/hashicorp/aws\"]",
      "instances": [
        {
          "index_key": 0,
          "schema_version": 1,
          "attributes": {
            "arn": "arn:aws:ec2:eu-west-1:979559056307:vpc/vpc-099e16b282ae17a48",
            "assign_generated_ipv6_cidr_block": false,
            "cidr_block": "10.99.0.0/18",
            "default_network_acl_id": "acl-0f1723604c9bdd56a",
            "default_route_table_id": "rtb-05798b4a7c8c4cd0b",
            "default_security_group_id": "sg-0f5041bb2bb5a4bfd",
            "dhcp_options_id": "dopt-bacc43df",
            "enable_classiclink": false,
            "enable_classiclink_dns_support": false,
            "enable_dns_hostnames": true,
            "enable_dns_support": true,
            "enable_network_address_usage_metrics": false,
            "id": "vpc-099e16b282ae17a48",
            "instance_tenancy": "default",
            "ipv4_ipam_pool_id": null,
            "ipv4_netmask_length": null,
            "ipv6_association_id": "",
            "ipv6_cidr_block": "",
            "ipv6_cidr_block_network_border_group": "",
            "ipv6_ipam_pool_id": "",
            "ipv6_netmask_length": 0,
            "main_route_table_id": "rtb-05798b4a7c8c4cd0b",
            "owner_id": "979559056307",
            "tags": {
              "Name": "OracleToMongo",
              "expire-on": "2023-04-09",
              "owner": "gabriel.paranthoen",
              "purpose": "other"
            },
            "tags_all": {
              "Name": "OracleToMongo",
              "expire-on": "2023-04-09",
              "owner": "gabriel.paranthoen",
              "purpose": "other"
            }
          },
          "sensitive_attributes": [],
          "private": "eyJzY2hlbWFfdmVyc2lvbiI6IjEifQ==",
          "create_before_destroy": true
        }
      ]
    }
  ],
  "check_results": null
}
